// !$*UTF8*$!
{
	archiveVersion = 1;
	classes = {
	};
	objectVersion = 51;
	objects = {

/* Begin PBXBuildFile section */
		90331EF1E969F3B8A9E95141 /* Pods_DLogin.framework in Frameworks */ = {isa = PBXBuildFile; fileRef = B49E77B92210A064684646E9 /* Pods_DLogin.framework */; };
		D14E46BE259B3A72002F2DAF /* LoadingView.swift in Sources */ = {isa = PBXBuildFile; fileRef = D14E46BD259B3A72002F2DAF /* LoadingView.swift */; };
		D1F763A3259A481F0012D281 /* DLoginApp.swift in Sources */ = {isa = PBXBuildFile; fileRef = D1F763A2259A481F0012D281 /* DLoginApp.swift */; };
		D1F763A5259A481F0012D281 /* ContentView.swift in Sources */ = {isa = PBXBuildFile; fileRef = D1F763A4259A481F0012D281 /* ContentView.swift */; };
		D1F763A7259A48200012D281 /* Assets.xcassets in Resources */ = {isa = PBXBuildFile; fileRef = D1F763A6259A48200012D281 /* Assets.xcassets */; };
		D1F763AA259A48200012D281 /* Preview Assets.xcassets in Resources */ = {isa = PBXBuildFile; fileRef = D1F763A9259A48200012D281 /* Preview Assets.xcassets */; };
		D1F763B3259A488F0012D281 /* GoogleService-Info.plist in Resources */ = {isa = PBXBuildFile; fileRef = D1F763B2259A488F0012D281 /* GoogleService-Info.plist */; };
		D1F763C4259A4B740012D281 /* LoginView.swift in Sources */ = {isa = PBXBuildFile; fileRef = D1F763C3259A4B740012D281 /* LoginView.swift */; };
		D1F763C9259A4F020012D281 /* CustomTextFolder.swift in Sources */ = {isa = PBXBuildFile; fileRef = D1F763C8259A4F020012D281 /* CustomTextFolder.swift */; };
		D1F763CC259A50340012D281 /* Dati.swift in Sources */ = {isa = PBXBuildFile; fileRef = D1F763CB259A50340012D281 /* Dati.swift */; };
		D1F763DA259A55AE0012D281 /* SignUpView.swift in Sources */ = {isa = PBXBuildFile; fileRef = D1F763D9259A55AE0012D281 /* SignUpView.swift */; };
/* End PBXBuildFile section */

/* Begin PBXFileReference section */
		A478738EA0264D7E585E48DE /* Pods-DLogin.release.xcconfig */ = {isa = PBXFileReference; includeInIndex = 1; lastKnownFileType = text.xcconfig; name = "Pods-DLogin.release.xcconfig"; path = "Target Support Files/Pods-DLogin/Pods-DLogin.release.xcconfig"; sourceTree = "<group>"; };
		B49E77B92210A064684646E9 /* Pods_DLogin.framework */ = {isa = PBXFileReference; explicitFileType = wrapper.framework; includeInIndex = 0; path = Pods_DLogin.framework; sourceTree = BUILT_PRODUCTS_DIR; };
		D14E46BD259B3A72002F2DAF /* LoadingView.swift */ = {isa = PBXFileReference; lastKnownFileType = sourcecode.swift; path = LoadingView.swift; sourceTree = "<group>"; };
		D14E46C0259B4555002F2DAF /* DLogin.entitlements */ = {isa = PBXFileReference; lastKnownFileType = text.plist.entitlements; path = DLogin.entitlements; sourceTree = "<group>"; };
		D1F7639F259A481F0012D281 /* DLogin.app */ = {isa = PBXFileReference; explicitFileType = wrapper.application; includeInIndex = 0; path = DLogin.app; sourceTree = BUILT_PRODUCTS_DIR; };
		D1F763A2259A481F0012D281 /* DLoginApp.swift */ = {isa = PBXFileReference; lastKnownFileType = sourcecode.swift; path = DLoginApp.swift; sourceTree = "<group>"; };
		D1F763A4259A481F0012D281 /* ContentView.swift */ = {isa = PBXFileReference; lastKnownFileType = sourcecode.swift; path = ContentView.swift; sourceTree = "<group>"; };
		D1F763A6259A48200012D281 /* Assets.xcassets */ = {isa = PBXFileReference; lastKnownFileType = folder.assetcatalog; path = Assets.xcassets; sourceTree = "<group>"; };
		D1F763A9259A48200012D281 /* Preview Assets.xcassets */ = {isa = PBXFileReference; lastKnownFileType = folder.assetcatalog; path = "Preview Assets.xcassets"; sourceTree = "<group>"; };
		D1F763AB259A48200012D281 /* Info.plist */ = {isa = PBXFileReference; lastKnownFileType = text.plist.xml; path = Info.plist; sourceTree = "<group>"; };
		D1F763B2259A488F0012D281 /* GoogleService-Info.plist */ = {isa = PBXFileReference; fileEncoding = 4; lastKnownFileType = text.plist.xml; path = "GoogleService-Info.plist"; sourceTree = "<group>"; };
		D1F763C3259A4B740012D281 /* LoginView.swift */ = {isa = PBXFileReference; lastKnownFileType = sourcecode.swift; path = LoginView.swift; sourceTree = "<group>"; };
		D1F763C8259A4F020012D281 /* CustomTextFolder.swift */ = {isa = PBXFileReference; lastKnownFileType = sourcecode.swift; path = CustomTextFolder.swift; sourceTree = "<group>"; };
		D1F763CB259A50340012D281 /* Dati.swift */ = {isa = PBXFileReference; lastKnownFileType = sourcecode.swift; path = Dati.swift; sourceTree = "<group>"; };
		D1F763D9259A55AE0012D281 /* SignUpView.swift */ = {isa = PBXFileReference; lastKnownFileType = sourcecode.swift; path = SignUpView.swift; sourceTree = "<group>"; };
		D66164D934D7BF7A5CA0E505 /* Pods-DLogin.debug.xcconfig */ = {isa = PBXFileReference; includeInIndex = 1; lastKnownFileType = text.xcconfig; name = "Pods-DLogin.debug.xcconfig"; path = "Target Support Files/Pods-DLogin/Pods-DLogin.debug.xcconfig"; sourceTree = "<group>"; };
/* End PBXFileReference section */

/* Begin PBXFrameworksBuildPhase section */
		D1F7639C259A481E0012D281 /* Frameworks */ = {
			isa = PBXFrameworksBuildPhase;
			buildActionMask = 2147483647;
			files = (
				90331EF1E969F3B8A9E95141 /* Pods_DLogin.framework in Frameworks */,
			);
			runOnlyForDeploymentPostprocessing = 0;
		};
/* End PBXFrameworksBuildPhase section */

/* Begin PBXGroup section */
		66C4B3F7ECF10953E9BC28E9 /* Frameworks */ = {
			isa = PBXGroup;
			children = (
				B49E77B92210A064684646E9 /* Pods_DLogin.framework */,
			);
			name = Frameworks;
			sourceTree = "<group>";
		};
		90562D6AEB3628211F869C8A /* Pods */ = {
			isa = PBXGroup;
			children = (
				D66164D934D7BF7A5CA0E505 /* Pods-DLogin.debug.xcconfig */,
				A478738EA0264D7E585E48DE /* Pods-DLogin.release.xcconfig */,
			);
			path = Pods;
			sourceTree = "<group>";
		};
		D1F76396259A481E0012D281 = {
			isa = PBXGroup;
			children = (
				D1F763A1259A481F0012D281 /* DLogin */,
				D1F763A0259A481F0012D281 /* Products */,
				90562D6AEB3628211F869C8A /* Pods */,
				66C4B3F7ECF10953E9BC28E9 /* Frameworks */,
			);
			sourceTree = "<group>";
		};
		D1F763A0259A481F0012D281 /* Products */ = {
			isa = PBXGroup;
			children = (
				D1F7639F259A481F0012D281 /* DLogin.app */,
			);
			name = Products;
			sourceTree = "<group>";
		};
		D1F763A1259A481F0012D281 /* DLogin */ = {
			isa = PBXGroup;
			children = (
				D14E46C0259B4555002F2DAF /* DLogin.entitlements */,
				D1F763A2259A481F0012D281 /* DLoginApp.swift */,
				D1F763C2259A4B620012D281 /* Dati */,
				D1F763C1259A4B5B0012D281 /* View */,
				D1F763A4259A481F0012D281 /* ContentView.swift */,
				D1F763A6259A48200012D281 /* Assets.xcassets */,
				D1F763AB259A48200012D281 /* Info.plist */,
				D1F763B2259A488F0012D281 /* GoogleService-Info.plist */,
				D1F763A8259A48200012D281 /* Preview Content */,
			);
			path = DLogin;
			sourceTree = "<group>";
		};
		D1F763A8259A48200012D281 /* Preview Content */ = {
			isa = PBXGroup;
			children = (
				D1F763A9259A48200012D281 /* Preview Assets.xcassets */,
			);
			path = "Preview Content";
			sourceTree = "<group>";
		};
		D1F763C1259A4B5B0012D281 /* View */ = {
			isa = PBXGroup;
			children = (
				D1F763C3259A4B740012D281 /* LoginView.swift */,
				D1F763C8259A4F020012D281 /* CustomTextFolder.swift */,
				D1F763D9259A55AE0012D281 /* SignUpView.swift */,
				D14E46BD259B3A72002F2DAF /* LoadingView.swift */,
			);
			path = View;
			sourceTree = "<group>";
		};
		D1F763C2259A4B620012D281 /* Dati */ = {
			isa = PBXGroup;
			children = (
				D1F763CB259A50340012D281 /* Dati.swift */,
			);
			path = Dati;
			sourceTree = "<group>";
		};
/* End PBXGroup section */

/* Begin PBXNativeTarget section */
		D1F7639E259A481E0012D281 /* DLogin */ = {
			isa = PBXNativeTarget;
			buildConfigurationList = D1F763AE259A48200012D281 /* Build configuration list for PBXNativeTarget "DLogin" */;
			buildPhases = (
				65A70C7CF0F9D888A629B406 /* [CP] Check Pods Manifest.lock */,
				D1F7639B259A481E0012D281 /* Sources */,
				D1F7639C259A481E0012D281 /* Frameworks */,
				D1F7639D259A481E0012D281 /* Resources */,
				5C6D3135160291ECCBB27853 /* [CP] Embed Pods Frameworks */,
			);
			buildRules = (
			);
			dependencies = (
			);
			name = DLogin;
			productName = DLogin;
			productReference = D1F7639F259A481F0012D281 /* DLogin.app */;
			productType = "com.apple.product-type.application";
		};
/* End PBXNativeTarget section */

/* Begin PBXProject section */
		D1F76397259A481E0012D281 /* Project object */ = {
			isa = PBXProject;
			attributes = {
				LastSwiftUpdateCheck = 1230;
				LastUpgradeCheck = 1230;
				TargetAttributes = {
					D1F7639E259A481E0012D281 = {
						CreatedOnToolsVersion = 12.3;
					};
				};
			};
			buildConfigurationList = D1F7639A259A481E0012D281 /* Build configuration list for PBXProject "DLogin" */;
			compatibilityVersion = "Xcode 9.3";
			developmentRegion = en;
			hasScannedForEncodings = 0;
			knownRegions = (
				en,
				Base,
			);
			mainGroup = D1F76396259A481E0012D281;
			productRefGroup = D1F763A0259A481F0012D281 /* Products */;
			projectDirPath = "";
			projectRoot = "";
			targets = (
				D1F7639E259A481E0012D281 /* DLogin */,
			);
		};
/* End PBXProject section */

/* Begin PBXResourcesBuildPhase section */
		D1F7639D259A481E0012D281 /* Resources */ = {
			isa = PBXResourcesBuildPhase;
			buildActionMask = 2147483647;
			files = (
				D1F763AA259A48200012D281 /* Preview Assets.xcassets in Resources */,
				D1F763A7259A48200012D281 /* Assets.xcassets in Resources */,
				D1F763B3259A488F0012D281 /* GoogleService-Info.plist in Resources */,
			);
			runOnlyForDeploymentPostprocessing = 0;
		};
/* End PBXResourcesBuildPhase section */

/* Begin PBXShellScriptBuildPhase section */
		5C6D3135160291ECCBB27853 /* [CP] Embed Pods Frameworks */ = {
			isa = PBXShellScriptBuildPhase;
			buildActionMask = 2147483647;
			files = (
			);
			inputFileListPaths = (
				"${PODS_ROOT}/Target Support Files/Pods-DLogin/Pods-DLogin-frameworks-${CONFIGURATION}-input-files.xcfilelist",
			);
			name = "[CP] Embed Pods Frameworks";
			outputFileListPaths = (
				"${PODS_ROOT}/Target Support Files/Pods-DLogin/Pods-DLogin-frameworks-${CONFIGURATION}-output-files.xcfilelist",
			);
			runOnlyForDeploymentPostprocessing = 0;
			shellPath = /bin/sh;
			shellScript = "\"${PODS_ROOT}/Target Support Files/Pods-DLogin/Pods-DLogin-frameworks.sh\"\n";
			showEnvVarsInLog = 0;
		};
		65A70C7CF0F9D888A629B406 /* [CP] Check Pods Manifest.lock */ = {
			isa = PBXShellScriptBuildPhase;
			buildActionMask = 2147483647;
			files = (
			);
			inputFileListPaths = (
			);
			inputPaths = (
				"${PODS_PODFILE_DIR_PATH}/Podfile.lock",
				"${PODS_ROOT}/Manifest.lock",
			);
			name = "[CP] Check Pods Manifest.lock";
			outputFileListPaths = (
			);
			outputPaths = (
				"$(DERIVED_FILE_DIR)/Pods-DLogin-checkManifestLockResult.txt",
			);
			runOnlyForDeploymentPostprocessing = 0;
			shellPath = /bin/sh;
			shellScript = "diff \"${PODS_PODFILE_DIR_PATH}/Podfile.lock\" \"${PODS_ROOT}/Manifest.lock\" > /dev/null\nif [ $? != 0 ] ; then\n    # print error to STDERR\n    echo \"error: The sandbox is not in sync with the Podfile.lock. Run 'pod install' or update your CocoaPods installation.\" >&2\n    exit 1\nfi\n# This output is used by Xcode 'outputs' to avoid re-running this script phase.\necho \"SUCCESS\" > \"${SCRIPT_OUTPUT_FILE_0}\"\n";
			showEnvVarsInLog = 0;
		};
/* End PBXShellScriptBuildPhase section */

/* Begin PBXSourcesBuildPhase section */
		D1F7639B259A481E0012D281 /* Sources */ = {
			isa = PBXSourcesBuildPhase;
			buildActionMask = 2147483647;
			files = (
				D1F763C4259A4B740012D281 /* LoginView.swift in Sources */,
				D1F763CC259A50340012D281 /* Dati.swift in Sources */,
				D1F763C9259A4F020012D281 /* CustomTextFolder.swift in Sources */,
				D1F763A5259A481F0012D281 /* ContentView.swift in Sources */,
				D1F763DA259A55AE0012D281 /* SignUpView.swift in Sources */,
				D14E46BE259B3A72002F2DAF /* LoadingView.swift in Sources */,
				D1F763A3259A481F0012D281 /* DLoginApp.swift in Sources */,
			);
			runOnlyForDeploymentPostprocessing = 0;
		};
/* End PBXSourcesBuildPhase section */

/* Begin XCBuildConfiguration section */
		D1F763AC259A48200012D281 /* Debug */ = {
			isa = XCBuildConfiguration;
			buildSettings = {
				ALWAYS_SEARCH_USER_PATHS = NO;
				CLANG_ANALYZER_NONNULL = YES;
				CLANG_ANALYZER_NUMBER_OBJECT_CONVERSION = YES_AGGRESSIVE;
				CLANG_CXX_LANGUAGE_STANDARD = "gnu++14";
				CLANG_CXX_LIBRARY = "libc++";
				CLANG_ENABLE_MODULES = YES;
				CLANG_ENABLE_OBJC_ARC = YES;
				CLANG_ENABLE_OBJC_WEAK = YES;
				CLANG_WARN_BLOCK_CAPTURE_AUTORELEASING = YES;
				CLANG_WARN_BOOL_CONVERSION = YES;
				CLANG_WARN_COMMA = YES;
				CLANG_WARN_CONSTANT_CONVERSION = YES;
				CLANG_WARN_DEPRECATED_OBJC_IMPLEMENTATIONS = YES;
				CLANG_WARN_DIRECT_OBJC_ISA_USAGE = YES_ERROR;
				CLANG_WARN_DOCUMENTATION_COMMENTS = YES;
				CLANG_WARN_EMPTY_BODY = YES;
				CLANG_WARN_ENUM_CONVERSION = YES;
				CLANG_WARN_INFINITE_RECURSION = YES;
				CLANG_WARN_INT_CONVERSION = YES;
				CLANG_WARN_NON_LITERAL_NULL_CONVERSION = YES;
				CLANG_WARN_OBJC_IMPLICIT_RETAIN_SELF = YES;
				CLANG_WARN_OBJC_LITERAL_CONVERSION = YES;
				CLANG_WARN_OBJC_ROOT_CLASS = YES_ERROR;
				CLANG_WARN_QUOTED_INCLUDE_IN_FRAMEWORK_HEADER = YES;
				CLANG_WARN_RANGE_LOOP_ANALYSIS = YES;
				CLANG_WARN_STRICT_PROTOTYPES = YES;
				CLANG_WARN_SUSPICIOUS_MOVE = YES;
				CLANG_WARN_UNGUARDED_AVAILABILITY = YES_AGGRESSIVE;
				CLANG_WARN_UNREACHABLE_CODE = YES;
				CLANG_WARN__DUPLICATE_METHOD_MATCH = YES;
				COPY_PHASE_STRIP = NO;
				DEBUG_INFORMATION_FORMAT = dwarf;
				ENABLE_STRICT_OBJC_MSGSEND = YES;
				ENABLE_TESTABILITY = YES;
				GCC_C_LANGUAGE_STANDARD = gnu11;
				GCC_DYNAMIC_NO_PIC = NO;
				GCC_NO_COMMON_BLOCKS = YES;
				GCC_OPTIMIZATION_LEVEL = 0;
				GCC_PREPROCESSOR_DEFINITIONS = (
					"DEBUG=1",
					"$(inherited)",
				);
				GCC_WARN_64_TO_32_BIT_CONVERSION = YES;
				GCC_WARN_ABOUT_RETURN_TYPE = YES_ERROR;
				GCC_WARN_UNDECLARED_SELECTOR = YES;
				GCC_WARN_UNINITIALIZED_AUTOS = YES_AGGRESSIVE;
				GCC_WARN_UNUSED_FUNCTION = YES;
				GCC_WARN_UNUSED_VARIABLE = YES;
				IPHONEOS_DEPLOYMENT_TARGET = 14.3;
				MTL_ENABLE_DEBUG_INFO = INCLUDE_SOURCE;
				MTL_FAST_MATH = YES;
				ONLY_ACTIVE_ARCH = YES;
				SDKROOT = iphoneos;
				SWIFT_ACTIVE_COMPILATION_CONDITIONS = DEBUG;
				SWIFT_OPTIMIZATION_LEVEL = "-Onone";
			};
			name = Debug;
		};
		D1F763AD259A48200012D281 /* Release */ = {
			isa = XCBuildConfiguration;
			buildSettings = {
				ALWAYS_SEARCH_USER_PATHS = NO;
				CLANG_ANALYZER_NONNULL = YES;
				CLANG_ANALYZER_NUMBER_OBJECT_CONVERSION = YES_AGGRESSIVE;
				CLANG_CXX_LANGUAGE_STANDARD = "gnu++14";
				CLANG_CXX_LIBRARY = "libc++";
				CLANG_ENABLE_MODULES = YES;
				CLANG_ENABLE_OBJC_ARC = YES;
				CLANG_ENABLE_OBJC_WEAK = YES;
				CLANG_WARN_BLOCK_CAPTURE_AUTORELEASING = YES;
				CLANG_WARN_BOOL_CONVERSION = YES;
				CLANG_WARN_COMMA = YES;
				CLANG_WARN_CONSTANT_CONVERSION = YES;
				CLANG_WARN_DEPRECATED_OBJC_IMPLEMENTATIONS = YES;
				CLANG_WARN_DIRECT_OBJC_ISA_USAGE = YES_ERROR;
				CLANG_WARN_DOCUMENTATION_COMMENTS = YES;
				CLANG_WARN_EMPTY_BODY = YES;
				CLANG_WARN_ENUM_CONVERSION = YES;
				CLANG_WARN_INFINITE_RECURSION = YES;
				CLANG_WARN_INT_CONVERSION = YES;
				CLANG_WARN_NON_LITERAL_NULL_CONVERSION = YES;
				CLANG_WARN_OBJC_IMPLICIT_RETAIN_SELF = YES;
				CLANG_WARN_OBJC_LITERAL_CONVERSION = YES;
				CLANG_WARN_OBJC_ROOT_CLASS = YES_ERROR;
				CLANG_WARN_QUOTED_INCLUDE_IN_FRAMEWORK_HEADER = YES;
				CLANG_WARN_RANGE_LOOP_ANALYSIS = YES;
				CLANG_WARN_STRICT_PROTOTYPES = YES;
				CLANG_WARN_SUSPICIOUS_MOVE = YES;
				CLANG_WARN_UNGUARDED_AVAILABILITY = YES_AGGRESSIVE;
				CLANG_WARN_UNREACHABLE_CODE = YES;
				CLANG_WARN__DUPLICATE_METHOD_MATCH = YES;
				COPY_PHASE_STRIP = NO;
				DEBUG_INFORMATION_FORMAT = "dwarf-with-dsym";
				ENABLE_NS_ASSERTIONS = NO;
				ENABLE_STRICT_OBJC_MSGSEND = YES;
				GCC_C_LANGUAGE_STANDARD = gnu11;
				GCC_NO_COMMON_BLOCKS = YES;
				GCC_WARN_64_TO_32_BIT_CONVERSION = YES;
				GCC_WARN_ABOUT_RETURN_TYPE = YES_ERROR;
				GCC_WARN_UNDECLARED_SELECTOR = YES;
				GCC_WARN_UNINITIALIZED_AUTOS = YES_AGGRESSIVE;
				GCC_WARN_UNUSED_FUNCTION = YES;
				GCC_WARN_UNUSED_VARIABLE = YES;
				IPHONEOS_DEPLOYMENT_TARGET = 14.3;
				MTL_ENABLE_DEBUG_INFO = NO;
				MTL_FAST_MATH = YES;
				SDKROOT = iphoneos;
				SWIFT_COMPILATION_MODE = wholemodule;
				SWIFT_OPTIMIZATION_LEVEL = "-O";
				VALIDATE_PRODUCT = YES;
			};
			name = Release;
		};
		D1F763AF259A48200012D281 /* Debug */ = {
			isa = XCBuildConfiguration;
			baseConfigurationReference = D66164D934D7BF7A5CA0E505 /* Pods-DLogin.debug.xcconfig */;
			buildSettings = {
				ASSETCATALOG_COMPILER_APPICON_NAME = AppIcon;
				ASSETCATALOG_COMPILER_GLOBAL_ACCENT_COLOR_NAME = AccentColor;
				CODE_SIGN_ENTITLEMENTS = DLogin/DLogin.entitlements;
				CODE_SIGN_STYLE = Automatic;
				DEVELOPMENT_ASSET_PATHS = "\"DLogin/Preview Content\"";
				ENABLE_PREVIEWS = YES;
				INFOPLIST_FILE = DLogin/Info.plist;
				IPHONEOS_DEPLOYMENT_TARGET = 14.0;
				LD_RUNPATH_SEARCH_PATHS = (
					"$(inherited)",
					"@executable_path/Frameworks",
				);
				PRODUCT_BUNDLE_IDENTIFIER = MicheleManniello.DLogin;
				PRODUCT_NAME = "$(TARGET_NAME)";
				SWIFT_VERSION = 5.0;
				TARGETED_DEVICE_FAMILY = "1,2";
			};
			name = Debug;
		};
		D1F763B0259A48200012D281 /* Release */ = {
			isa = XCBuildConfiguration;
			baseConfigurationReference = A478738EA0264D7E585E48DE /* Pods-DLogin.release.xcconfig */;
			buildSettings = {
				ASSETCATALOG_COMPILER_APPICON_NAME = AppIcon;
				ASSETCATALOG_COMPILER_GLOBAL_ACCENT_COLOR_NAME = AccentColor;
				CODE_SIGN_ENTITLEMENTS = DLogin/DLogin.entitlements;
				CODE_SIGN_STYLE = Automatic;
				DEVELOPMENT_ASSET_PATHS = "\"DLogin/Preview Content\"";
				ENABLE_PREVIEWS = YES;
				INFOPLIST_FILE = DLogin/Info.plist;
				IPHONEOS_DEPLOYMENT_TARGET = 14.0;
				LD_RUNPATH_SEARCH_PATHS = (
					"$(inherited)",
					"@executable_path/Frameworks",
				);
				PRODUCT_BUNDLE_IDENTIFIER = MicheleManniello.DLogin;
				PRODUCT_NAME = "$(TARGET_NAME)";
				SWIFT_VERSION = 5.0;
				TARGETED_DEVICE_FAMILY = "1,2";
			};
			name = Release;
		};
/* End XCBuildConfiguration section */

/* Begin XCConfigurationList section */
		D1F7639A259A481E0012D281 /* Build configuration list for PBXProject "DLogin" */ = {
			isa = XCConfigurationList;
			buildConfigurations = (
				D1F763AC259A48200012D281 /* Debug */,
				D1F763AD259A48200012D281 /* Release */,
			);
			defaultConfigurationIsVisible = 0;
			defaultConfigurationName = Release;
		};
		D1F763AE259A48200012D281 /* Build configuration list for PBXNativeTarget "DLogin" */ = {
			isa = XCConfigurationList;
			buildConfigurations = (
				D1F763AF259A48200012D281 /* Debug */,
				D1F763B0259A48200012D281 /* Release */,
			);
			defaultConfigurationIsVisible = 0;
			defaultConfigurationName = Release;
		};
/* End XCConfigurationList section */
	};
	rootObject = D1F76397259A481E0012D281 /* Project object */;
}
